// !$*UTF8*$!
{
	archiveVersion = 1;
	classes = {
	};
	objectVersion = 56;
	objects = {

/* Begin PBXBuildFile section */
		481C43CE2BF37062004B8D52 /* PosterViewController.swift in Sources */ = {isa = PBXBuildFile; fileRef = 481C43CD2BF37062004B8D52 /* PosterViewController.swift */; };
		481C43D42BFDF62E004B8D52 /* CreateViewController.swift in Sources */ = {isa = PBXBuildFile; fileRef = 481C43D32BFDF62E004B8D52 /* CreateViewController.swift */; };
		4848B9782C0A403E0001023C /* ContentViewController.swift in Sources */ = {isa = PBXBuildFile; fileRef = 4848B9772C0A403E0001023C /* ContentViewController.swift */; };
		485F9E1A2C2BF0E200DA2600 /* ImageUploadViewModel.swift in Sources */ = {isa = PBXBuildFile; fileRef = 485F9E192C2BF0E200DA2600 /* ImageUploadViewModel.swift */; };
		486CAE172C19725F00DD65D4 /* MovieData.swift in Sources */ = {isa = PBXBuildFile; fileRef = 486CAE162C19725F00DD65D4 /* MovieData.swift */; };
		486CAE192C1ADDE800DD65D4 /* MovieDataModel.swift in Sources */ = {isa = PBXBuildFile; fileRef = 486CAE182C1ADDE800DD65D4 /* MovieDataModel.swift */; };
		487C9CA12C2E9CA800704218 /* Pods_Movie_App.framework in Frameworks */ = {isa = PBXBuildFile; fileRef = 68D6891369B4E59B4F7BE452 /* Pods_Movie_App.framework */; };
		487C9CAA2C2ECFC000704218 /* GoogleService-Info.plist in Resources */ = {isa = PBXBuildFile; fileRef = 487C9CA92C2ECFC000704218 /* GoogleService-Info.plist */; };
		487C9CAE2C39A5AA00704218 /* CalendarViewController.swift in Sources */ = {isa = PBXBuildFile; fileRef = 487C9CAD2C39A5AA00704218 /* CalendarViewController.swift */; };
		488C942D2BF30DC8004A1E41 /* AppDelegate.swift in Sources */ = {isa = PBXBuildFile; fileRef = 488C942C2BF30DC8004A1E41 /* AppDelegate.swift */; };
		488C942F2BF30DC8004A1E41 /* SceneDelegate.swift in Sources */ = {isa = PBXBuildFile; fileRef = 488C942E2BF30DC8004A1E41 /* SceneDelegate.swift */; };
		488C94312BF30DC8004A1E41 /* MainViewController.swift in Sources */ = {isa = PBXBuildFile; fileRef = 488C94302BF30DC8004A1E41 /* MainViewController.swift */; };
		488C94342BF30DC8004A1E41 /* Main.storyboard in Resources */ = {isa = PBXBuildFile; fileRef = 488C94322BF30DC8004A1E41 /* Main.storyboard */; };
		488C94362BF30DCA004A1E41 /* Assets.xcassets in Resources */ = {isa = PBXBuildFile; fileRef = 488C94352BF30DCA004A1E41 /* Assets.xcassets */; };
		488C94392BF30DCA004A1E41 /* LaunchScreen.storyboard in Resources */ = {isa = PBXBuildFile; fileRef = 488C94372BF30DCA004A1E41 /* LaunchScreen.storyboard */; };
		488C94442BF30DCA004A1E41 /* Movie_AppTests.swift in Sources */ = {isa = PBXBuildFile; fileRef = 488C94432BF30DCA004A1E41 /* Movie_AppTests.swift */; };
		488C944E2BF30DCA004A1E41 /* Movie_AppUITests.swift in Sources */ = {isa = PBXBuildFile; fileRef = 488C944D2BF30DCA004A1E41 /* Movie_AppUITests.swift */; };
		488C94502BF30DCA004A1E41 /* Movie_AppUITestsLaunchTests.swift in Sources */ = {isa = PBXBuildFile; fileRef = 488C944F2BF30DCA004A1E41 /* Movie_AppUITestsLaunchTests.swift */; };
		489D3DCC2C22AD9E00F51F60 /* MainImageViewController.swift in Sources */ = {isa = PBXBuildFile; fileRef = 489D3DCB2C22AD9E00F51F60 /* MainImageViewController.swift */; };
		48C49CB82C23F2AD00FB7E77 /* CreateBGViewController.swift in Sources */ = {isa = PBXBuildFile; fileRef = 48C49CB72C23F2AD00FB7E77 /* CreateBGViewController.swift */; };
/* End PBXBuildFile section */

/* Begin PBXContainerItemProxy section */
		488C94402BF30DCA004A1E41 /* PBXContainerItemProxy */ = {
			isa = PBXContainerItemProxy;
			containerPortal = 488C94212BF30DC8004A1E41 /* Project object */;
			proxyType = 1;
			remoteGlobalIDString = 488C94282BF30DC8004A1E41;
			remoteInfo = Movie_App;
		};
		488C944A2BF30DCA004A1E41 /* PBXContainerItemProxy */ = {
			isa = PBXContainerItemProxy;
			containerPortal = 488C94212BF30DC8004A1E41 /* Project object */;
			proxyType = 1;
			remoteGlobalIDString = 488C94282BF30DC8004A1E41;
			remoteInfo = Movie_App;
		};
/* End PBXContainerItemProxy section */

/* Begin PBXFileReference section */
		481C43CD2BF37062004B8D52 /* PosterViewController.swift */ = {isa = PBXFileReference; lastKnownFileType = sourcecode.swift; path = PosterViewController.swift; sourceTree = "<group>"; };
		481C43D32BFDF62E004B8D52 /* CreateViewController.swift */ = {isa = PBXFileReference; lastKnownFileType = sourcecode.swift; path = CreateViewController.swift; sourceTree = "<group>"; };
		4848B9772C0A403E0001023C /* ContentViewController.swift */ = {isa = PBXFileReference; lastKnownFileType = sourcecode.swift; path = ContentViewController.swift; sourceTree = "<group>"; };
		485F9E192C2BF0E200DA2600 /* ImageUploadViewModel.swift */ = {isa = PBXFileReference; lastKnownFileType = sourcecode.swift; path = ImageUploadViewModel.swift; sourceTree = "<group>"; };
		486CAE162C19725F00DD65D4 /* MovieData.swift */ = {isa = PBXFileReference; lastKnownFileType = sourcecode.swift; path = MovieData.swift; sourceTree = "<group>"; };
		486CAE182C1ADDE800DD65D4 /* MovieDataModel.swift */ = {isa = PBXFileReference; lastKnownFileType = sourcecode.swift; path = MovieDataModel.swift; sourceTree = "<group>"; };
		487C9CA92C2ECFC000704218 /* GoogleService-Info.plist */ = {isa = PBXFileReference; fileEncoding = 4; lastKnownFileType = text.plist.xml; name = "GoogleService-Info.plist"; path = "../../../../../Downloads/GoogleService-Info.plist"; sourceTree = "<group>"; };
		487C9CAD2C39A5AA00704218 /* CalendarViewController.swift */ = {isa = PBXFileReference; lastKnownFileType = sourcecode.swift; path = CalendarViewController.swift; sourceTree = "<group>"; };
		488C94292BF30DC8004A1E41 /* Movie_App.app */ = {isa = PBXFileReference; explicitFileType = wrapper.application; includeInIndex = 0; path = Movie_App.app; sourceTree = BUILT_PRODUCTS_DIR; };
		488C942C2BF30DC8004A1E41 /* AppDelegate.swift */ = {isa = PBXFileReference; lastKnownFileType = sourcecode.swift; path = AppDelegate.swift; sourceTree = "<group>"; };
		488C942E2BF30DC8004A1E41 /* SceneDelegate.swift */ = {isa = PBXFileReference; lastKnownFileType = sourcecode.swift; path = SceneDelegate.swift; sourceTree = "<group>"; };
		488C94302BF30DC8004A1E41 /* MainViewController.swift */ = {isa = PBXFileReference; lastKnownFileType = sourcecode.swift; path = MainViewController.swift; sourceTree = "<group>"; };
		488C94332BF30DC8004A1E41 /* Base */ = {isa = PBXFileReference; lastKnownFileType = file.storyboard; name = Base; path = Base.lproj/Main.storyboard; sourceTree = "<group>"; };
		488C94352BF30DCA004A1E41 /* Assets.xcassets */ = {isa = PBXFileReference; lastKnownFileType = folder.assetcatalog; path = Assets.xcassets; sourceTree = "<group>"; };
		488C94382BF30DCA004A1E41 /* Base */ = {isa = PBXFileReference; lastKnownFileType = file.storyboard; name = Base; path = Base.lproj/LaunchScreen.storyboard; sourceTree = "<group>"; };
		488C943A2BF30DCA004A1E41 /* Info.plist */ = {isa = PBXFileReference; lastKnownFileType = text.plist.xml; path = Info.plist; sourceTree = "<group>"; };
		488C943F2BF30DCA004A1E41 /* Movie_AppTests.xctest */ = {isa = PBXFileReference; explicitFileType = wrapper.cfbundle; includeInIndex = 0; path = Movie_AppTests.xctest; sourceTree = BUILT_PRODUCTS_DIR; };
		488C94432BF30DCA004A1E41 /* Movie_AppTests.swift */ = {isa = PBXFileReference; lastKnownFileType = sourcecode.swift; path = Movie_AppTests.swift; sourceTree = "<group>"; };
		488C94492BF30DCA004A1E41 /* Movie_AppUITests.xctest */ = {isa = PBXFileReference; explicitFileType = wrapper.cfbundle; includeInIndex = 0; path = Movie_AppUITests.xctest; sourceTree = BUILT_PRODUCTS_DIR; };
		488C944D2BF30DCA004A1E41 /* Movie_AppUITests.swift */ = {isa = PBXFileReference; lastKnownFileType = sourcecode.swift; path = Movie_AppUITests.swift; sourceTree = "<group>"; };
		488C944F2BF30DCA004A1E41 /* Movie_AppUITestsLaunchTests.swift */ = {isa = PBXFileReference; lastKnownFileType = sourcecode.swift; path = Movie_AppUITestsLaunchTests.swift; sourceTree = "<group>"; };
		489D3DCB2C22AD9E00F51F60 /* MainImageViewController.swift */ = {isa = PBXFileReference; lastKnownFileType = sourcecode.swift; path = MainImageViewController.swift; sourceTree = "<group>"; };
		48C49CB72C23F2AD00FB7E77 /* CreateBGViewController.swift */ = {isa = PBXFileReference; lastKnownFileType = sourcecode.swift; path = CreateBGViewController.swift; sourceTree = "<group>"; };
		68D6891369B4E59B4F7BE452 /* Pods_Movie_App.framework */ = {isa = PBXFileReference; explicitFileType = wrapper.framework; includeInIndex = 0; path = Pods_Movie_App.framework; sourceTree = BUILT_PRODUCTS_DIR; };
		BA23FFC95608B867E4A57206 /* Pods-Movie_App.release.xcconfig */ = {isa = PBXFileReference; includeInIndex = 1; lastKnownFileType = text.xcconfig; name = "Pods-Movie_App.release.xcconfig"; path = "Target Support Files/Pods-Movie_App/Pods-Movie_App.release.xcconfig"; sourceTree = "<group>"; };
		EFE76E3ECF784B32B8466D60 /* Pods-Movie_App.debug.xcconfig */ = {isa = PBXFileReference; includeInIndex = 1; lastKnownFileType = text.xcconfig; name = "Pods-Movie_App.debug.xcconfig"; path = "Target Support Files/Pods-Movie_App/Pods-Movie_App.debug.xcconfig"; sourceTree = "<group>"; };
/* End PBXFileReference section */

/* Begin PBXFrameworksBuildPhase section */
		488C94262BF30DC8004A1E41 /* Frameworks */ = {
			isa = PBXFrameworksBuildPhase;
			buildActionMask = 2147483647;
			files = (
				487C9CA12C2E9CA800704218 /* Pods_Movie_App.framework in Frameworks */,
			);
			runOnlyForDeploymentPostprocessing = 0;
		};
		488C943C2BF30DCA004A1E41 /* Frameworks */ = {
			isa = PBXFrameworksBuildPhase;
			buildActionMask = 2147483647;
			files = (
			);
			runOnlyForDeploymentPostprocessing = 0;
		};
		488C94462BF30DCA004A1E41 /* Frameworks */ = {
			isa = PBXFrameworksBuildPhase;
			buildActionMask = 2147483647;
			files = (
			);
			runOnlyForDeploymentPostprocessing = 0;
		};
/* End PBXFrameworksBuildPhase section */

/* Begin PBXGroup section */
		18B706C9F97891E384440C24 /* Frameworks */ = {
			isa = PBXGroup;
			children = (
				68D6891369B4E59B4F7BE452 /* Pods_Movie_App.framework */,
			);
			name = Frameworks;
			sourceTree = "<group>";
		};
		3B3DD429E49BF6B55DECA57D /* Pods */ = {
			isa = PBXGroup;
			children = (
				EFE76E3ECF784B32B8466D60 /* Pods-Movie_App.debug.xcconfig */,
				BA23FFC95608B867E4A57206 /* Pods-Movie_App.release.xcconfig */,
			);
			path = Pods;
			sourceTree = "<group>";
		};
		486CAE0D2C196FC400DD65D4 /* StoryBoard */ = {
			isa = PBXGroup;
			children = (
				488C94322BF30DC8004A1E41 /* Main.storyboard */,
				488C94372BF30DCA004A1E41 /* LaunchScreen.storyboard */,
			);
			path = StoryBoard;
			sourceTree = "<group>";
		};
		486CAE0E2C196FD900DD65D4 /* Application */ = {
			isa = PBXGroup;
			children = (
				488C942E2BF30DC8004A1E41 /* SceneDelegate.swift */,
				488C942C2BF30DC8004A1E41 /* AppDelegate.swift */,
			);
			path = Application;
			sourceTree = "<group>";
		};
		486CAE0F2C196FEB00DD65D4 /* Resources */ = {
			isa = PBXGroup;
			children = (
				488C94352BF30DCA004A1E41 /* Assets.xcassets */,
			);
			path = Resources;
			sourceTree = "<group>";
		};
		486CAE102C19701100DD65D4 /* Presentation */ = {
			isa = PBXGroup;
			children = (
				486CAE142C19702F00DD65D4 /* Cell */,
				486CAE132C19702600DD65D4 /* ViewModel */,
				486CAE122C19702000DD65D4 /* ViewController */,
				486CAE112C19701A00DD65D4 /* Model */,
			);
			path = Presentation;
			sourceTree = "<group>";
		};
		486CAE112C19701A00DD65D4 /* Model */ = {
			isa = PBXGroup;
			children = (
				486CAE162C19725F00DD65D4 /* MovieData.swift */,
			);
			path = Model;
			sourceTree = "<group>";
		};
		486CAE122C19702000DD65D4 /* ViewController */ = {
			isa = PBXGroup;
			children = (
				488C94302BF30DC8004A1E41 /* MainViewController.swift */,
				481C43CD2BF37062004B8D52 /* PosterViewController.swift */,
				481C43D32BFDF62E004B8D52 /* CreateViewController.swift */,
				48C49CB72C23F2AD00FB7E77 /* CreateBGViewController.swift */,
				4848B9772C0A403E0001023C /* ContentViewController.swift */,
				489D3DCB2C22AD9E00F51F60 /* MainImageViewController.swift */,
				485F9E192C2BF0E200DA2600 /* ImageUploadViewModel.swift */,
				487C9CAD2C39A5AA00704218 /* CalendarViewController.swift */,
			);
			path = ViewController;
			sourceTree = "<group>";
		};
		486CAE132C19702600DD65D4 /* ViewModel */ = {
			isa = PBXGroup;
			children = (
				486CAE182C1ADDE800DD65D4 /* MovieDataModel.swift */,
			);
			path = ViewModel;
			sourceTree = "<group>";
		};
		486CAE142C19702F00DD65D4 /* Cell */ = {
			isa = PBXGroup;
			children = (
			);
			path = Cell;
			sourceTree = "<group>";
		};
		486CAE152C19703C00DD65D4 /* Network */ = {
			isa = PBXGroup;
			children = (
			);
			path = Network;
			sourceTree = "<group>";
		};
		488C94202BF30DC8004A1E41 = {
			isa = PBXGroup;
			children = (
				488C942B2BF30DC8004A1E41 /* Movie_App */,
				488C94422BF30DCA004A1E41 /* Movie_AppTests */,
				488C944C2BF30DCA004A1E41 /* Movie_AppUITests */,
				488C942A2BF30DC8004A1E41 /* Products */,
				3B3DD429E49BF6B55DECA57D /* Pods */,
				18B706C9F97891E384440C24 /* Frameworks */,
			);
			sourceTree = "<group>";
		};
		488C942A2BF30DC8004A1E41 /* Products */ = {
			isa = PBXGroup;
			children = (
				488C94292BF30DC8004A1E41 /* Movie_App.app */,
				488C943F2BF30DCA004A1E41 /* Movie_AppTests.xctest */,
				488C94492BF30DCA004A1E41 /* Movie_AppUITests.xctest */,
			);
			name = Products;
			sourceTree = "<group>";
		};
		488C942B2BF30DC8004A1E41 /* Movie_App */ = {
			isa = PBXGroup;
			children = (
				487C9CA92C2ECFC000704218 /* GoogleService-Info.plist */,
				488C943A2BF30DCA004A1E41 /* Info.plist */,
				486CAE152C19703C00DD65D4 /* Network */,
				486CAE102C19701100DD65D4 /* Presentation */,
				486CAE0F2C196FEB00DD65D4 /* Resources */,
				486CAE0E2C196FD900DD65D4 /* Application */,
				486CAE0D2C196FC400DD65D4 /* StoryBoard */,
			);
			path = Movie_App;
			sourceTree = "<group>";
		};
		488C94422BF30DCA004A1E41 /* Movie_AppTests */ = {
			isa = PBXGroup;
			children = (
				488C94432BF30DCA004A1E41 /* Movie_AppTests.swift */,
			);
			path = Movie_AppTests;
			sourceTree = "<group>";
		};
		488C944C2BF30DCA004A1E41 /* Movie_AppUITests */ = {
			isa = PBXGroup;
			children = (
				488C944D2BF30DCA004A1E41 /* Movie_AppUITests.swift */,
				488C944F2BF30DCA004A1E41 /* Movie_AppUITestsLaunchTests.swift */,
			);
			path = Movie_AppUITests;
			sourceTree = "<group>";
		};
/* End PBXGroup section */

/* Begin PBXNativeTarget section */
		488C94282BF30DC8004A1E41 /* Movie_App */ = {
			isa = PBXNativeTarget;
			buildConfigurationList = 488C94532BF30DCA004A1E41 /* Build configuration list for PBXNativeTarget "Movie_App" */;
			buildPhases = (
				B3A194C7A2BB1651D8CD7D6E /* [CP] Check Pods Manifest.lock */,
				488C94252BF30DC8004A1E41 /* Sources */,
				488C94262BF30DC8004A1E41 /* Frameworks */,
				488C94272BF30DC8004A1E41 /* Resources */,
				ECB9346D687A5B1DE4D7D0A5 /* [CP] Embed Pods Frameworks */,
			);
			buildRules = (
			);
			dependencies = (
			);
			name = Movie_App;
			packageProductDependencies = (
			);
			productName = Movie_App;
			productReference = 488C94292BF30DC8004A1E41 /* Movie_App.app */;
			productType = "com.apple.product-type.application";
		};
		488C943E2BF30DCA004A1E41 /* Movie_AppTests */ = {
			isa = PBXNativeTarget;
			buildConfigurationList = 488C94562BF30DCA004A1E41 /* Build configuration list for PBXNativeTarget "Movie_AppTests" */;
			buildPhases = (
				488C943B2BF30DCA004A1E41 /* Sources */,
				488C943C2BF30DCA004A1E41 /* Frameworks */,
				488C943D2BF30DCA004A1E41 /* Resources */,
			);
			buildRules = (
			);
			dependencies = (
				488C94412BF30DCA004A1E41 /* PBXTargetDependency */,
			);
			name = Movie_AppTests;
			productName = Movie_AppTests;
			productReference = 488C943F2BF30DCA004A1E41 /* Movie_AppTests.xctest */;
			productType = "com.apple.product-type.bundle.unit-test";
		};
		488C94482BF30DCA004A1E41 /* Movie_AppUITests */ = {
			isa = PBXNativeTarget;
			buildConfigurationList = 488C94592BF30DCA004A1E41 /* Build configuration list for PBXNativeTarget "Movie_AppUITests" */;
			buildPhases = (
				488C94452BF30DCA004A1E41 /* Sources */,
				488C94462BF30DCA004A1E41 /* Frameworks */,
				488C94472BF30DCA004A1E41 /* Resources */,
			);
			buildRules = (
			);
			dependencies = (
				488C944B2BF30DCA004A1E41 /* PBXTargetDependency */,
			);
			name = Movie_AppUITests;
			productName = Movie_AppUITests;
			productReference = 488C94492BF30DCA004A1E41 /* Movie_AppUITests.xctest */;
			productType = "com.apple.product-type.bundle.ui-testing";
		};
/* End PBXNativeTarget section */

/* Begin PBXProject section */
		488C94212BF30DC8004A1E41 /* Project object */ = {
			isa = PBXProject;
			attributes = {
				BuildIndependentTargetsInParallel = 1;
				LastSwiftUpdateCheck = 1430;
				LastUpgradeCheck = 1430;
				TargetAttributes = {
					488C94282BF30DC8004A1E41 = {
						CreatedOnToolsVersion = 14.3.1;
					};
					488C943E2BF30DCA004A1E41 = {
						CreatedOnToolsVersion = 14.3.1;
						TestTargetID = 488C94282BF30DC8004A1E41;
					};
					488C94482BF30DCA004A1E41 = {
						CreatedOnToolsVersion = 14.3.1;
						TestTargetID = 488C94282BF30DC8004A1E41;
					};
				};
			};
			buildConfigurationList = 488C94242BF30DC8004A1E41 /* Build configuration list for PBXProject "Movie_App" */;
			compatibilityVersion = "Xcode 14.0";
			developmentRegion = en;
			hasScannedForEncodings = 0;
			knownRegions = (
				en,
				Base,
			);
			mainGroup = 488C94202BF30DC8004A1E41;
			packageReferences = (
				48A06D512C09BBD600123B18 /* XCRemoteSwiftPackageReference "spline-ios" */,
				485F9E1D2C2E8BD800DA2600 /* XCRemoteSwiftPackageReference "firebase-ios-sdk" */,
			);
			productRefGroup = 488C942A2BF30DC8004A1E41 /* Products */;
			projectDirPath = "";
			projectRoot = "";
			targets = (
				488C94282BF30DC8004A1E41 /* Movie_App */,
				488C943E2BF30DCA004A1E41 /* Movie_AppTests */,
				488C94482BF30DCA004A1E41 /* Movie_AppUITests */,
			);
		};
/* End PBXProject section */

/* Begin PBXResourcesBuildPhase section */
		488C94272BF30DC8004A1E41 /* Resources */ = {
			isa = PBXResourcesBuildPhase;
			buildActionMask = 2147483647;
			files = (
				488C94392BF30DCA004A1E41 /* LaunchScreen.storyboard in Resources */,
				487C9CAA2C2ECFC000704218 /* GoogleService-Info.plist in Resources */,
				488C94362BF30DCA004A1E41 /* Assets.xcassets in Resources */,
				488C94342BF30DC8004A1E41 /* Main.storyboard in Resources */,
			);
			runOnlyForDeploymentPostprocessing = 0;
		};
		488C943D2BF30DCA004A1E41 /* Resources */ = {
			isa = PBXResourcesBuildPhase;
			buildActionMask = 2147483647;
			files = (
			);
			runOnlyForDeploymentPostprocessing = 0;
		};
		488C94472BF30DCA004A1E41 /* Resources */ = {
			isa = PBXResourcesBuildPhase;
			buildActionMask = 2147483647;
			files = (
			);
			runOnlyForDeploymentPostprocessing = 0;
		};
/* End PBXResourcesBuildPhase section */

/* Begin PBXShellScriptBuildPhase section */
		B3A194C7A2BB1651D8CD7D6E /* [CP] Check Pods Manifest.lock */ = {
			isa = PBXShellScriptBuildPhase;
			buildActionMask = 2147483647;
			files = (
			);
			inputFileListPaths = (
			);
			inputPaths = (
				"${PODS_PODFILE_DIR_PATH}/Podfile.lock",
				"${PODS_ROOT}/Manifest.lock",
			);
			name = "[CP] Check Pods Manifest.lock";
			outputFileListPaths = (
			);
			outputPaths = (
				"$(DERIVED_FILE_DIR)/Pods-Movie_App-checkManifestLockResult.txt",
			);
			runOnlyForDeploymentPostprocessing = 0;
			shellPath = /bin/sh;
			shellScript = "diff \"${PODS_PODFILE_DIR_PATH}/Podfile.lock\" \"${PODS_ROOT}/Manifest.lock\" > /dev/null\nif [ $? != 0 ] ; then\n    # print error to STDERR\n    echo \"error: The sandbox is not in sync with the Podfile.lock. Run 'pod install' or update your CocoaPods installation.\" >&2\n    exit 1\nfi\n# This output is used by Xcode 'outputs' to avoid re-running this script phase.\necho \"SUCCESS\" > \"${SCRIPT_OUTPUT_FILE_0}\"\n";
			showEnvVarsInLog = 0;
		};
		ECB9346D687A5B1DE4D7D0A5 /* [CP] Embed Pods Frameworks */ = {
			isa = PBXShellScriptBuildPhase;
			buildActionMask = 2147483647;
			files = (
			);
			inputFileListPaths = (
				"${PODS_ROOT}/Target Support Files/Pods-Movie_App/Pods-Movie_App-frameworks-${CONFIGURATION}-input-files.xcfilelist",
			);
			name = "[CP] Embed Pods Frameworks";
			outputFileListPaths = (
				"${PODS_ROOT}/Target Support Files/Pods-Movie_App/Pods-Movie_App-frameworks-${CONFIGURATION}-output-files.xcfilelist",
			);
			runOnlyForDeploymentPostprocessing = 0;
			shellPath = /bin/sh;
			shellScript = "\"${PODS_ROOT}/Target Support Files/Pods-Movie_App/Pods-Movie_App-frameworks.sh\"\n";
			showEnvVarsInLog = 0;
		};
/* End PBXShellScriptBuildPhase section */

/* Begin PBXSourcesBuildPhase section */
		488C94252BF30DC8004A1E41 /* Sources */ = {
			isa = PBXSourcesBuildPhase;
			buildActionMask = 2147483647;
			files = (
				487C9CAE2C39A5AA00704218 /* CalendarViewController.swift in Sources */,
				481C43D42BFDF62E004B8D52 /* CreateViewController.swift in Sources */,
				481C43CE2BF37062004B8D52 /* PosterViewController.swift in Sources */,
				486CAE192C1ADDE800DD65D4 /* MovieDataModel.swift in Sources */,
				488C94312BF30DC8004A1E41 /* MainViewController.swift in Sources */,
				486CAE172C19725F00DD65D4 /* MovieData.swift in Sources */,
				489D3DCC2C22AD9E00F51F60 /* MainImageViewController.swift in Sources */,
				488C942D2BF30DC8004A1E41 /* AppDelegate.swift in Sources */,
				48C49CB82C23F2AD00FB7E77 /* CreateBGViewController.swift in Sources */,
				485F9E1A2C2BF0E200DA2600 /* ImageUploadViewModel.swift in Sources */,
				488C942F2BF30DC8004A1E41 /* SceneDelegate.swift in Sources */,
				4848B9782C0A403E0001023C /* ContentViewController.swift in Sources */,
			);
			runOnlyForDeploymentPostprocessing = 0;
		};
		488C943B2BF30DCA004A1E41 /* Sources */ = {
			isa = PBXSourcesBuildPhase;
			buildActionMask = 2147483647;
			files = (
				488C94442BF30DCA004A1E41 /* Movie_AppTests.swift in Sources */,
			);
			runOnlyForDeploymentPostprocessing = 0;
		};
		488C94452BF30DCA004A1E41 /* Sources */ = {
			isa = PBXSourcesBuildPhase;
			buildActionMask = 2147483647;
			files = (
				488C944E2BF30DCA004A1E41 /* Movie_AppUITests.swift in Sources */,
				488C94502BF30DCA004A1E41 /* Movie_AppUITestsLaunchTests.swift in Sources */,
			);
			runOnlyForDeploymentPostprocessing = 0;
		};
/* End PBXSourcesBuildPhase section */

/* Begin PBXTargetDependency section */
		488C94412BF30DCA004A1E41 /* PBXTargetDependency */ = {
			isa = PBXTargetDependency;
			target = 488C94282BF30DC8004A1E41 /* Movie_App */;
			targetProxy = 488C94402BF30DCA004A1E41 /* PBXContainerItemProxy */;
		};
		488C944B2BF30DCA004A1E41 /* PBXTargetDependency */ = {
			isa = PBXTargetDependency;
			target = 488C94282BF30DC8004A1E41 /* Movie_App */;
			targetProxy = 488C944A2BF30DCA004A1E41 /* PBXContainerItemProxy */;
		};
/* End PBXTargetDependency section */

/* Begin PBXVariantGroup section */
		488C94322BF30DC8004A1E41 /* Main.storyboard */ = {
			isa = PBXVariantGroup;
			children = (
				488C94332BF30DC8004A1E41 /* Base */,
			);
			name = Main.storyboard;
			sourceTree = "<group>";
		};
		488C94372BF30DCA004A1E41 /* LaunchScreen.storyboard */ = {
			isa = PBXVariantGroup;
			children = (
				488C94382BF30DCA004A1E41 /* Base */,
			);
			name = LaunchScreen.storyboard;
			sourceTree = "<group>";
		};
/* End PBXVariantGroup section */

/* Begin XCBuildConfiguration section */
		488C94512BF30DCA004A1E41 /* Debug */ = {
			isa = XCBuildConfiguration;
			buildSettings = {
				ALWAYS_SEARCH_USER_PATHS = NO;
				CLANG_ANALYZER_NONNULL = YES;
				CLANG_ANALYZER_NUMBER_OBJECT_CONVERSION = YES_AGGRESSIVE;
				CLANG_CXX_LANGUAGE_STANDARD = "gnu++20";
				CLANG_ENABLE_MODULES = YES;
				CLANG_ENABLE_OBJC_ARC = YES;
				CLANG_ENABLE_OBJC_WEAK = YES;
				CLANG_WARN_BLOCK_CAPTURE_AUTORELEASING = YES;
				CLANG_WARN_BOOL_CONVERSION = YES;
				CLANG_WARN_COMMA = YES;
				CLANG_WARN_CONSTANT_CONVERSION = YES;
				CLANG_WARN_DEPRECATED_OBJC_IMPLEMENTATIONS = YES;
				CLANG_WARN_DIRECT_OBJC_ISA_USAGE = YES_ERROR;
				CLANG_WARN_DOCUMENTATION_COMMENTS = YES;
				CLANG_WARN_EMPTY_BODY = YES;
				CLANG_WARN_ENUM_CONVERSION = YES;
				CLANG_WARN_INFINITE_RECURSION = YES;
				CLANG_WARN_INT_CONVERSION = YES;
				CLANG_WARN_NON_LITERAL_NULL_CONVERSION = YES;
				CLANG_WARN_OBJC_IMPLICIT_RETAIN_SELF = YES;
				CLANG_WARN_OBJC_LITERAL_CONVERSION = YES;
				CLANG_WARN_OBJC_ROOT_CLASS = YES_ERROR;
				CLANG_WARN_QUOTED_INCLUDE_IN_FRAMEWORK_HEADER = YES;
				CLANG_WARN_RANGE_LOOP_ANALYSIS = YES;
				CLANG_WARN_STRICT_PROTOTYPES = YES;
				CLANG_WARN_SUSPICIOUS_MOVE = YES;
				CLANG_WARN_UNGUARDED_AVAILABILITY = YES_AGGRESSIVE;
				CLANG_WARN_UNREACHABLE_CODE = YES;
				CLANG_WARN__DUPLICATE_METHOD_MATCH = YES;
				COPY_PHASE_STRIP = NO;
				DEBUG_INFORMATION_FORMAT = dwarf;
				ENABLE_STRICT_OBJC_MSGSEND = YES;
				ENABLE_TESTABILITY = YES;
				GCC_C_LANGUAGE_STANDARD = gnu11;
				GCC_DYNAMIC_NO_PIC = NO;
				GCC_NO_COMMON_BLOCKS = YES;
				GCC_OPTIMIZATION_LEVEL = 0;
				GCC_PREPROCESSOR_DEFINITIONS = (
					"DEBUG=1",
					"$(inherited)",
				);
				GCC_WARN_64_TO_32_BIT_CONVERSION = YES;
				GCC_WARN_ABOUT_RETURN_TYPE = YES_ERROR;
				GCC_WARN_UNDECLARED_SELECTOR = YES;
				GCC_WARN_UNINITIALIZED_AUTOS = YES_AGGRESSIVE;
				GCC_WARN_UNUSED_FUNCTION = YES;
				GCC_WARN_UNUSED_VARIABLE = YES;
				IPHONEOS_DEPLOYMENT_TARGET = 16.4;
				MTL_ENABLE_DEBUG_INFO = INCLUDE_SOURCE;
				MTL_FAST_MATH = YES;
				ONLY_ACTIVE_ARCH = YES;
				SDKROOT = iphoneos;
				SWIFT_ACTIVE_COMPILATION_CONDITIONS = DEBUG;
				SWIFT_OPTIMIZATION_LEVEL = "-Onone";
			};
			name = Debug;
		};
		488C94522BF30DCA004A1E41 /* Release */ = {
			isa = XCBuildConfiguration;
			buildSettings = {
				ALWAYS_SEARCH_USER_PATHS = NO;
				CLANG_ANALYZER_NONNULL = YES;
				CLANG_ANALYZER_NUMBER_OBJECT_CONVERSION = YES_AGGRESSIVE;
				CLANG_CXX_LANGUAGE_STANDARD = "gnu++20";
				CLANG_ENABLE_MODULES = YES;
				CLANG_ENABLE_OBJC_ARC = YES;
				CLANG_ENABLE_OBJC_WEAK = YES;
				CLANG_WARN_BLOCK_CAPTURE_AUTORELEASING = YES;
				CLANG_WARN_BOOL_CONVERSION = YES;
				CLANG_WARN_COMMA = YES;
				CLANG_WARN_CONSTANT_CONVERSION = YES;
				CLANG_WARN_DEPRECATED_OBJC_IMPLEMENTATIONS = YES;
				CLANG_WARN_DIRECT_OBJC_ISA_USAGE = YES_ERROR;
				CLANG_WARN_DOCUMENTATION_COMMENTS = YES;
				CLANG_WARN_EMPTY_BODY = YES;
				CLANG_WARN_ENUM_CONVERSION = YES;
				CLANG_WARN_INFINITE_RECURSION = YES;
				CLANG_WARN_INT_CONVERSION = YES;
				CLANG_WARN_NON_LITERAL_NULL_CONVERSION = YES;
				CLANG_WARN_OBJC_IMPLICIT_RETAIN_SELF = YES;
				CLANG_WARN_OBJC_LITERAL_CONVERSION = YES;
				CLANG_WARN_OBJC_ROOT_CLASS = YES_ERROR;
				CLANG_WARN_QUOTED_INCLUDE_IN_FRAMEWORK_HEADER = YES;
				CLANG_WARN_RANGE_LOOP_ANALYSIS = YES;
				CLANG_WARN_STRICT_PROTOTYPES = YES;
				CLANG_WARN_SUSPICIOUS_MOVE = YES;
				CLANG_WARN_UNGUARDED_AVAILABILITY = YES_AGGRESSIVE;
				CLANG_WARN_UNREACHABLE_CODE = YES;
				CLANG_WARN__DUPLICATE_METHOD_MATCH = YES;
				COPY_PHASE_STRIP = NO;
				DEBUG_INFORMATION_FORMAT = "dwarf-with-dsym";
				ENABLE_NS_ASSERTIONS = NO;
				ENABLE_STRICT_OBJC_MSGSEND = YES;
				GCC_C_LANGUAGE_STANDARD = gnu11;
				GCC_NO_COMMON_BLOCKS = YES;
				GCC_WARN_64_TO_32_BIT_CONVERSION = YES;
				GCC_WARN_ABOUT_RETURN_TYPE = YES_ERROR;
				GCC_WARN_UNDECLARED_SELECTOR = YES;
				GCC_WARN_UNINITIALIZED_AUTOS = YES_AGGRESSIVE;
				GCC_WARN_UNUSED_FUNCTION = YES;
				GCC_WARN_UNUSED_VARIABLE = YES;
				IPHONEOS_DEPLOYMENT_TARGET = 16.4;
				MTL_ENABLE_DEBUG_INFO = NO;
				MTL_FAST_MATH = YES;
				SDKROOT = iphoneos;
				SWIFT_COMPILATION_MODE = wholemodule;
				SWIFT_OPTIMIZATION_LEVEL = "-O";
				VALIDATE_PRODUCT = YES;
			};
			name = Release;
		};
		488C94542BF30DCA004A1E41 /* Debug */ = {
			isa = XCBuildConfiguration;
			baseConfigurationReference = EFE76E3ECF784B32B8466D60 /* Pods-Movie_App.debug.xcconfig */;
			buildSettings = {
				ASSETCATALOG_COMPILER_APPICON_NAME = AppIcon;
				ASSETCATALOG_COMPILER_GLOBAL_ACCENT_COLOR_NAME = AccentColor;
				CODE_SIGN_STYLE = Automatic;
				CURRENT_PROJECT_VERSION = 1;
				GENERATE_INFOPLIST_FILE = YES;
				INFOPLIST_FILE = Movie_App/Info.plist;
				INFOPLIST_KEY_UIApplicationSupportsIndirectInputEvents = YES;
				INFOPLIST_KEY_UILaunchStoryboardName = LaunchScreen;
				INFOPLIST_KEY_UIMainStoryboardFile = Main;
				INFOPLIST_KEY_UISupportedInterfaceOrientations_iPad = "UIInterfaceOrientationPortrait UIInterfaceOrientationPortraitUpsideDown UIInterfaceOrientationLandscapeLeft UIInterfaceOrientationLandscapeRight";
				INFOPLIST_KEY_UISupportedInterfaceOrientations_iPhone = "UIInterfaceOrientationPortrait UIInterfaceOrientationLandscapeLeft UIInterfaceOrientationLandscapeRight";
				LD_RUNPATH_SEARCH_PATHS = (
					"$(inherited)",
					"@executable_path/Frameworks",
				);
				MARKETING_VERSION = 1.0;
				PRODUCT_BUNDLE_IDENTIFIER = "com.yebin.Movie-App";
				PRODUCT_NAME = "$(TARGET_NAME)";
				SWIFT_EMIT_LOC_STRINGS = YES;
				SWIFT_VERSION = 5.0;
				TARGETED_DEVICE_FAMILY = "1,2";
			};
			name = Debug;
		};
		488C94552BF30DCA004A1E41 /* Release */ = {
			isa = XCBuildConfiguration;
			baseConfigurationReference = BA23FFC95608B867E4A57206 /* Pods-Movie_App.release.xcconfig */;
			buildSettings = {
				ASSETCATALOG_COMPILER_APPICON_NAME = AppIcon;
				ASSETCATALOG_COMPILER_GLOBAL_ACCENT_COLOR_NAME = AccentColor;
				CODE_SIGN_STYLE = Automatic;
				CURRENT_PROJECT_VERSION = 1;
				GENERATE_INFOPLIST_FILE = YES;
				INFOPLIST_FILE = Movie_App/Info.plist;
				INFOPLIST_KEY_UIApplicationSupportsIndirectInputEvents = YES;
				INFOPLIST_KEY_UILaunchStoryboardName = LaunchScreen;
				INFOPLIST_KEY_UIMainStoryboardFile = Main;
				INFOPLIST_KEY_UISupportedInterfaceOrientations_iPad = "UIInterfaceOrientationPortrait UIInterfaceOrientationPortraitUpsideDown UIInterfaceOrientationLandscapeLeft UIInterfaceOrientationLandscapeRight";
				INFOPLIST_KEY_UISupportedInterfaceOrientations_iPhone = "UIInterfaceOrientationPortrait UIInterfaceOrientationLandscapeLeft UIInterfaceOrientationLandscapeRight";
				LD_RUNPATH_SEARCH_PATHS = (
					"$(inherited)",
					"@executable_path/Frameworks",
				);
				MARKETING_VERSION = 1.0;
				PRODUCT_BUNDLE_IDENTIFIER = "com.yebin.Movie-App";
				PRODUCT_NAME = "$(TARGET_NAME)";
				SWIFT_EMIT_LOC_STRINGS = YES;
				SWIFT_VERSION = 5.0;
				TARGETED_DEVICE_FAMILY = "1,2";
			};
			name = Release;
		};
		488C94572BF30DCA004A1E41 /* Debug */ = {
			isa = XCBuildConfiguration;
			buildSettings = {
				ALWAYS_EMBED_SWIFT_STANDARD_LIBRARIES = YES;
				BUNDLE_LOADER = "$(TEST_HOST)";
				CODE_SIGN_STYLE = Automatic;
				CURRENT_PROJECT_VERSION = 1;
				GENERATE_INFOPLIST_FILE = YES;
				IPHONEOS_DEPLOYMENT_TARGET = 16.4;
				MARKETING_VERSION = 1.0;
				PRODUCT_BUNDLE_IDENTIFIER = "com.yebin.Movie-AppTests";
				PRODUCT_NAME = "$(TARGET_NAME)";
				SWIFT_EMIT_LOC_STRINGS = NO;
				SWIFT_VERSION = 5.0;
				TARGETED_DEVICE_FAMILY = "1,2";
				TEST_HOST = "$(BUILT_PRODUCTS_DIR)/Movie_App.app/$(BUNDLE_EXECUTABLE_FOLDER_PATH)/Movie_App";
			};
			name = Debug;
		};
		488C94582BF30DCA004A1E41 /* Release */ = {
			isa = XCBuildConfiguration;
			buildSettings = {
				ALWAYS_EMBED_SWIFT_STANDARD_LIBRARIES = YES;
				BUNDLE_LOADER = "$(TEST_HOST)";
				CODE_SIGN_STYLE = Automatic;
				CURRENT_PROJECT_VERSION = 1;
				GENERATE_INFOPLIST_FILE = YES;
				IPHONEOS_DEPLOYMENT_TARGET = 16.4;
				MARKETING_VERSION = 1.0;
				PRODUCT_BUNDLE_IDENTIFIER = "com.yebin.Movie-AppTests";
				PRODUCT_NAME = "$(TARGET_NAME)";
				SWIFT_EMIT_LOC_STRINGS = NO;
				SWIFT_VERSION = 5.0;
				TARGETED_DEVICE_FAMILY = "1,2";
				TEST_HOST = "$(BUILT_PRODUCTS_DIR)/Movie_App.app/$(BUNDLE_EXECUTABLE_FOLDER_PATH)/Movie_App";
			};
			name = Release;
		};
		488C945A2BF30DCA004A1E41 /* Debug */ = {
			isa = XCBuildConfiguration;
			buildSettings = {
				ALWAYS_EMBED_SWIFT_STANDARD_LIBRARIES = YES;
				CODE_SIGN_STYLE = Automatic;
				CURRENT_PROJECT_VERSION = 1;
				GENERATE_INFOPLIST_FILE = YES;
				MARKETING_VERSION = 1.0;
				PRODUCT_BUNDLE_IDENTIFIER = "com.yebin.Movie-AppUITests";
				PRODUCT_NAME = "$(TARGET_NAME)";
				SWIFT_EMIT_LOC_STRINGS = NO;
				SWIFT_VERSION = 5.0;
				TARGETED_DEVICE_FAMILY = "1,2";
				TEST_TARGET_NAME = Movie_App;
			};
			name = Debug;
		};
		488C945B2BF30DCA004A1E41 /* Release */ = {
			isa = XCBuildConfiguration;
			buildSettings = {
				ALWAYS_EMBED_SWIFT_STANDARD_LIBRARIES = YES;
				CODE_SIGN_STYLE = Automatic;
				CURRENT_PROJECT_VERSION = 1;
				GENERATE_INFOPLIST_FILE = YES;
				MARKETING_VERSION = 1.0;
				PRODUCT_BUNDLE_IDENTIFIER = "com.yebin.Movie-AppUITests";
				PRODUCT_NAME = "$(TARGET_NAME)";
				SWIFT_EMIT_LOC_STRINGS = NO;
				SWIFT_VERSION = 5.0;
				TARGETED_DEVICE_FAMILY = "1,2";
				TEST_TARGET_NAME = Movie_App;
			};
			name = Release;
		};
/* End XCBuildConfiguration section */

/* Begin XCConfigurationList section */
		488C94242BF30DC8004A1E41 /* Build configuration list for PBXProject "Movie_App" */ = {
			isa = XCConfigurationList;
			buildConfigurations = (
				488C94512BF30DCA004A1E41 /* Debug */,
				488C94522BF30DCA004A1E41 /* Release */,
			);
			defaultConfigurationIsVisible = 0;
			defaultConfigurationName = Release;
		};
		488C94532BF30DCA004A1E41 /* Build configuration list for PBXNativeTarget "Movie_App" */ = {
			isa = XCConfigurationList;
			buildConfigurations = (
				488C94542BF30DCA004A1E41 /* Debug */,
				488C94552BF30DCA004A1E41 /* Release */,
			);
			defaultConfigurationIsVisible = 0;
			defaultConfigurationName = Release;
		};
		488C94562BF30DCA004A1E41 /* Build configuration list for PBXNativeTarget "Movie_AppTests" */ = {
			isa = XCConfigurationList;
			buildConfigurations = (
				488C94572BF30DCA004A1E41 /* Debug */,
				488C94582BF30DCA004A1E41 /* Release */,
			);
			defaultConfigurationIsVisible = 0;
			defaultConfigurationName = Release;
		};
		488C94592BF30DCA004A1E41 /* Build configuration list for PBXNativeTarget "Movie_AppUITests" */ = {
			isa = XCConfigurationList;
			buildConfigurations = (
				488C945A2BF30DCA004A1E41 /* Debug */,
				488C945B2BF30DCA004A1E41 /* Release */,
			);
			defaultConfigurationIsVisible = 0;
			defaultConfigurationName = Release;
		};
/* End XCConfigurationList section */

/* Begin XCRemoteSwiftPackageReference section */
		485F9E1D2C2E8BD800DA2600 /* XCRemoteSwiftPackageReference "firebase-ios-sdk" */ = {
			isa = XCRemoteSwiftPackageReference;
			repositoryURL = "https://github.com/firebase/firebase-ios-sdk";
			requirement = {
				kind = upToNextMajorVersion;
				minimumVersion = 10.28.1;
			};
		};
		48A06D512C09BBD600123B18 /* XCRemoteSwiftPackageReference "spline-ios" */ = {
			isa = XCRemoteSwiftPackageReference;
			repositoryURL = "https://github.com/splinetool/spline-ios";
			requirement = {
				branch = main;
				kind = branch;
			};
		};
/* End XCRemoteSwiftPackageReference section */
	};
	rootObject = 488C94212BF30DC8004A1E41 /* Project object */;
}
